github.com/creack/pty v1.1.9/go.mod h1:oKZEueFk5CKHvIhNR5MUki03XCEU+Q6VDXinZuGJ33E=
github.com/davecgh/go-spew v1.1.1 h1:vj9j/u1bqnvCEfJOwUhtlOARqs3+rkHYY13jYWTU97c=
github.com/davecgh/go-spew v1.1.1/go.mod h1:J7Y8YcW2NihsgmVo/mv3lAwl/skON4iLHjSsI+c5H38=
github.com/domonda/go-errs v0.0.0-20230810132956-1b6272f9fc8f h1:OQaXlKXZc52Vsz7iH23NhddeMr0niW0tetB8Fq3k4yQ=
github.com/domonda/go-errs v0.0.0-20230810132956-1b6272f9fc8f/go.mod h1:DYkFE3rxUGhTCMmR5MpQ2NTtoCPiORdjBATGkIEeGKM=
github.com/domonda/go-pretty v0.0.0-20230810130018-8920f571470a h1:b3a6MwwMrHR9dw6585e3Ky51T50OKuD3fRuLyh8ziEw=
github.com/domonda/go-pretty v0.0.0-20230810130018-8920f571470a/go.mod h1:3QkM8UJdyJMeKZiIo7hYzSkQBpRS3k0gOHw4ysyEIB4=
github.com/domonda/go-types v0.0.0-20230810133443-7fcb0a5a218b h1:owt4+9DbUZvPYKjUfUnE+unOlVmJ35CItJTM2Sr8iwk=
github.com/domonda/go-types v0.0.0-20230810133443-7fcb0a5a218b/go.mod h1:qMSeU/23ZUopt+1kY0pJ27iqNRtsY1jATQklyCyLRAU=
github.com/domonda/go-types v0.0.0-20230810134814-bd15ee23faf5 h1:hILmOg7w0+ozEd/AXCiGlCt0MsnD7cp5drmrq2D3xtc=
github.com/domonda/go-types v0.0.0-20230810134814-bd15ee23faf5/go.mod h1:qMSeU/23ZUopt+1kY0pJ27iqNRtsY1jATQklyCyLRAU=
github.com/frankban/quicktest v1.5.0 h1:Tb4jWdSpdjKzTUicPnY61PZxKbDoGa7ABbrReT3gQVY=
github.com/frankban/quicktest v1.5.0/go.mod h1:jaStnuzAqU1AJdCO0l53JDCJrVDKcS03DbaAcR7Ks/o=
github.com/fsnotify/fsnotify v1.6.0 h1:n+5WquG0fcWoWp6xPWfHdbskMCQaFnG6PfBrh1Ky4HY=
github.com/fsnotify/fsnotify v1.6.0/go.mod h1:sl3t1tCWJFWoRz9R8WJCbQihKKwmorjAbSClcnxKAGw=
github.com/google/go-cmp v0.3.1/go.mod h1:8QqcDgzrUqlUb/G2PQTWiueGozuR1884gddMywk6iLU=
github.com/google/go-cmp v0.5.8 h1:e6P7q2lk1O+qJJb4BtCQXlK8vWEO8V1ZeuEdJNOqZyg=
github.com/google/go-cmp v0.5.8/go.mod h1:17dUlkBOakJ0+DkrSSNjCkIjxS6bF9zb3elmeNGIjoY=
github.com/jinzhu/now v1.1.5 h1:/o9tlHleP7gOFmsnYNz3RGnqzefHA47wQpKrrdTIwXQ=
github.com/jinzhu/now v1.1.5/go.mod h1:d3SSVoowX0Lcu0IBviAWJpolVfI5UJVZZ7cO71lE/z8=
github.com/kr/pretty v0.1.0/go.mod h1:dAy3ld7l9f0ibDNOQOHHMYYIIbhfbHSm3C4ZsoJORNo=
github.com/kr/pretty v0.2.1 h1:Fmg33tUaq4/8ym9TJN1x7sLJnHVwhP33CNkpYV/7rwI=
github.com/kr/pretty v0.2.1/go.mod h1:ipq/a2n7PKx3OHsz4KJII5eveXtPO4qwEXGdVfWzfnI=
github.com/kr/pty v1.1.1/go.mod h1:pFQYn66WHrOpPYNljwOMqo10TkYh1fy3cYio2l3bCsQ=
github.com/kr/text v0.1.0/go.mod h1:4Jbv+DJW3UT/LiOwJeYQe1efqtUx/iVham/4vfdArNI=
github.com/kr/text v0.2.0 h1:5Nx0Ya0ZqY2ygV366QzturHI13Jq95ApcVaJBhpS+AY=
github.com/kr/text v0.2.0/go.mod h1:eLer722TekiGuMkidMxC/pM04lWEeraHUUmBw8l2grE=
github.com/niemeyer/pretty v0.0.0-20200227124842-a10e7caefd8e h1:fD57ERR4JtEqsWbfPhv4DMiApHyliiK5xCTNVSPiaAs=
github.com/niemeyer/pretty v0.0.0-20200227124842-a10e7caefd8e/go.mod h1:zD1mROLANZcx1PVRCS0qkT7pwLkGfwJo4zjcN/Tysno=
github.com/pmezard/go-difflib v1.0.0 h1:4DBwDE0NGyQoBHbLQYPwSUPoCMWR5BEzIk/f1lZbAQM=
github.com/pmezard/go-difflib v1.0.0/go.mod h1:iKH77koFhYxTK1pcRnkKkqfTogsbg7gZNVY4sRDYZ/4=
github.com/stretchr/testify v1.8.4 h1:CcVxjf3Q8PM0mHUKJCdn+eZZtm5yQwehR5yeSVQQcUk=
github.com/stretchr/testify v1.8.4/go.mod h1:sz/lmYIOXD/1dqDmKjjqLyZ2RngseejIcXlSw2iwfAo=
github.com/tealeg/xlsx/v2 v2.0.1 h1:RP+VEscpPFjH2FnpKh1p9HVLAk1htqb9Urcxi2AU1ns=
github.com/tealeg/xlsx/v2 v2.0.1/go.mod h1:l9GvhCCjdaIGkAyZcFedDALcYcXUOei55f6umRMOz9c=
github.com/ungerik/go-fs v0.0.0-20230810132455-f7ff27f6fa2b h1:hZ/Tp1sn1oRwYqIZfjpfUp8N+5e3LGk32O8OAMh9VOk=
github.com/ungerik/go-fs v0.0.0-20230810132455-f7ff27f6fa2b/go.mod h1:P8k1DG+Ox0KP4MFNTSPd8ojoDUwXjrWdGjsssF6vT/g=
github.com/ungerik/go-reflection v0.0.0-20220113085621-6c5fc1f2694a h1:9vfYtqoyrPw08TbSLxkSXEflp6iXa3RL86Qjs+DrVas=
github.com/ungerik/go-reflection v0.0.0-20220113085621-6c5fc1f2694a/go.mod h1:6Hnd2/4g3Tpt6TjvxHx8wXOZziwApVxRdIGkr7vNpXs=
github.com/ungerik/go-reflection v0.0.0-20230810134712-a63435f6bc7e h1:BPksMeVdgSD8L4yXHYSY3HpdJ/5z2Ok5lF6PxHIVgEQ=
github.com/ungerik/go-reflection v0.0.0-20230810134712-a63435f6bc7e/go.mod h1:1Q14POg/xa/P6/hWKfnUexqUhW1X6jgw+6gG7lOne1E=
golang.org/x/sys v0.0.0-20220908164124-27713097b956/go.mod h1:oPkhp1MJrh7nUepCBck5+mAzfO9JrbApNNgaTdGDITg=
golang.org/x/sys v0.11.0 h1:eG7RXZHdqOJ1i+0lgLgCpSXAp6M3LYlAo6osgSi0xOM=
golang.org/x/sys v0.11.0/go.mod h1:oPkhp1MJrh7nUepCBck5+mAzfO9JrbApNNgaTdGDITg=
golang.org/x/text v0.12.0 h1:k+n5B8goJNdU7hSvEtMUz3d1Q6D/XW4COJSJR6fN0mc=
golang.org/x/text v0.12.0/go.mod h1:TvPlkZtksWOMsz7fbANvkp4WM8x/WCo/om8BMLbz+aE=
gopkg.in/check.v1 v0.0.0-20161208181325-20d25e280405/go.mod h1:Co6ibVJAznAaIkqp8huTwlJQCZ016jof/cbN4VW5Yz0=
gopkg.in/check.v1 v1.0.0-20190902080502-41f04d3bba15/go.mod h1:Co6ibVJAznAaIkqp8huTwlJQCZ016jof/cbN4VW5Yz0=
gopkg.in/check.v1 v1.0.0-20200227125254-8fa46927fb4f h1:BLraFXnmrev5lT+xlilqcH8XK9/i0At2xKjWk4p6zsU=
gopkg.in/check.v1 v1.0.0-20200227125254-8fa46927fb4f/go.mod h1:Co6ibVJAznAaIkqp8huTwlJQCZ016jof/cbN4VW5Yz0=
gopkg.in/yaml.v3 v3.0.1 h1:fxVm/GzAzEWqLHuvctI91KS9hhNmmWOoWu0XTYJS7CA=
gopkg.in/yaml.v3 v3.0.1/go.mod h1:K4uyk7z7BCEPqu6E+C64Yfv1cQ7kz7rIZviUmN+EgEM=
