github.com/davecgh/go-spew v1.1.0 h1:ZDRjVQ15GmhC3fiQ8ni8+OwkZQO4DARzQgrnXU1Liz8=
github.com/davecgh/go-spew v1.1.0/go.mod h1:J7Y8YcW2NihsgmVo/mv3lAwl/skON4iLHjSsI+c5H38=
github.com/domonda/errors v0.8.0 h1:B3FV074VSAK9efjuKN7ltCPGOTBo8pnxaDS8rEFVUWk=
github.com/domonda/errors v0.8.0/go.mod h1:fzj8nYh5fr9KCiiiZQWuF90YuV4mXcjccsEO4GpquMs=
github.com/domonda/go-types v0.0.0-20191209173848-d56fafa9386b h1:+WeWFaLEqEsaKFa8oPWs6nl8SIhurHTWc16z7WDEj10=
github.com/domonda/go-types v0.0.0-20191209173848-d56fafa9386b/go.mod h1:Sd82hEgVDyzW9qrgW7YsBe9Oj1jsQrt8bFUMTQh5YY4=
github.com/domonda/go-types v0.0.0-20200116145920-12d15857a010 h1:loFLnF/xy/PXB4NyweUfCKjEE5uoXQYd/BsUz4iUnNM=
github.com/domonda/go-types v0.0.0-20200116145920-12d15857a010/go.mod h1:Sd82hEgVDyzW9qrgW7YsBe9Oj1jsQrt8bFUMTQh5YY4=
github.com/domonda/go-wraperr v0.0.0-20191213150449-58447b5feb11 h1:TkB9I1199BFpW9atqo6GAr6QBM3XZfIjWatGZCM3DPo=
github.com/domonda/go-wraperr v0.0.0-20191213150449-58447b5feb11/go.mod h1:+StTOV14t8kZSKmDG8CfcXEBKTocUqZ9x8zuJHnXgII=
github.com/domonda/go-wraperr v0.0.0-20191218095026-c132bf32bd96 h1:qEeg5dpOQ+A+Rn1iocEjqDSTwVXmy0AuoyGSOG1vMcU=
github.com/domonda/go-wraperr v0.0.0-20191218095026-c132bf32bd96/go.mod h1:+StTOV14t8kZSKmDG8CfcXEBKTocUqZ9x8zuJHnXgII=
github.com/fatih/color v1.7.0 h1:DkWD4oS2D8LGGgTQ6IvwJJXSL5Vp2ffcQg58nFV38Ys=
github.com/fatih/color v1.7.0/go.mod h1:Zm6kSWBoL9eyXnKyktHP6abPY2pDugNf5KwzbycvMj4=
github.com/guregu/null v3.4.0+incompatible h1:a4mw37gBO7ypcBlTJeZGuMpSxxFTV9qFfFKgWxQSGaM=
github.com/guregu/null v3.4.0+incompatible/go.mod h1:ePGpQaN9cw0tj45IR5E5ehMvsFlLlQZAkkOXZurJ3NM=
github.com/jinzhu/now v1.1.1 h1:g39TucaRWyV3dwDO++eEc6qf8TVIQ/Da48WmqjZ3i7E=
github.com/jinzhu/now v1.1.1/go.mod h1:d3SSVoowX0Lcu0IBviAWJpolVfI5UJVZZ7cO71lE/z8=
github.com/mattn/go-colorable v0.1.4 h1:snbPLB8fVfU9iwbbo30TPtbLRzwWu6aJS6Xh4eaaviA=
github.com/mattn/go-colorable v0.1.4/go.mod h1:U0ppj6V5qS13XJ6of8GYAs25YV2eR4EVcfRqFIhoBtE=
github.com/mattn/go-isatty v0.0.8/go.mod h1:Iq45c/XA43vh69/j3iqttzPXn0bhXyGjM0Hdxcsrc5s=
github.com/mattn/go-isatty v0.0.10 h1:qxFzApOv4WsAL965uUPIsXzAKCZxN2p9UqdhFS4ZW10=
github.com/mattn/go-isatty v0.0.10/go.mod h1:qgIWMr58cqv1PHHyhnkY9lrL7etaEgOFcMEpPG5Rm84=
github.com/pmezard/go-difflib v1.0.0 h1:4DBwDE0NGyQoBHbLQYPwSUPoCMWR5BEzIk/f1lZbAQM=
github.com/pmezard/go-difflib v1.0.0/go.mod h1:iKH77koFhYxTK1pcRnkKkqfTogsbg7gZNVY4sRDYZ/4=
github.com/stretchr/objx v0.1.0 h1:4G4v2dO3VZwixGIRoQ5Lfboy6nUhCyYzaqnIAPPhYs4=
github.com/stretchr/objx v0.1.0/go.mod h1:HFkY916IF+rwdDfMAkV7OtwuqBVzrE8GR6GFx+wExME=
github.com/stretchr/testify v1.4.0 h1:2E4SXV/wtOkTonXsotYi4li6zVWxYlZuYNCXe9XRJyk=
github.com/stretchr/testify v1.4.0/go.mod h1:j7eGeouHqKxXV5pUuKE4zz7dFj8WfuZ+81PSLYec5m4=
github.com/ungerik/go-command v0.0.0-20191127142249-2bd816c5d645 h1:Fr9hKq8aNs2ua7GXWVoVThbracta3x2MAg7BxDW/LIM=
github.com/ungerik/go-command v0.0.0-20191127142249-2bd816c5d645/go.mod h1:Xbx3q6bgVvm1Ax9eKorpApvM+rdK0/M68hnjBeZGkPk=
github.com/ungerik/go-fs v0.0.0-20191127131724-ee9af4c83317/go.mod h1:S7OXxb3PaT/Sv2Z/9dwjJN8suRi4u+oXDMoBbuD3O2o=
github.com/ungerik/go-fs v0.0.0-20191212142737-b054047432fe h1:vDggczHIvkN2hwqHX9qZ3D+iLDDcbapH4AMphjh7/3I=
github.com/ungerik/go-fs v0.0.0-20191212142737-b054047432fe/go.mod h1:S7OXxb3PaT/Sv2Z/9dwjJN8suRi4u+oXDMoBbuD3O2o=
github.com/ungerik/go-reflection v0.0.0-20191013094457-172d2e71715f h1:GTzUiGZ+7cJafyD15AbKaFsGnuoj+I8kboHhN5tL9iY=
github.com/ungerik/go-reflection v0.0.0-20191013094457-172d2e71715f/go.mod h1:LDLWYd30s6zcsOXmrd5TfrHctochNlzRBJPuAEhpnU8=
golang.org/x/sys v0.0.0-20190222072716-a9d3bda3a223/go.mod h1:STP8DvDyc/dI5b8T5hshtkjS+E42TnysNCUPdjciGhY=
golang.org/x/sys v0.0.0-20191008105621-543471e840be h1:QAcqgptGM8IQBC9K/RC4o+O9YmqEm0diQn9QmZw/0mU=
golang.org/x/sys v0.0.0-20191008105621-543471e840be/go.mod h1:h1NjWce9XRLGQEsW7wpKNCjG9DtNlClVuFLEZdDNbEs=
golang.org/x/text v0.3.2 h1:tW2bmiBqwgJj/UpqtC8EpXEZVYOwU0yG4iWbprSVAcs=
golang.org/x/text v0.3.2/go.mod h1:bEr9sfX3Q8Zfm5fL9x+3itogRgK3+ptLWKqgva+5dAk=
golang.org/x/tools v0.0.0-20180917221912-90fa682c2a6e/go.mod h1:n7NCudcB/nEzxVGmLbDWY5pfWTLqBcC2KZ6jyYvM4mQ=
gopkg.in/check.v1 v0.0.0-20161208181325-20d25e280405/go.mod h1:Co6ibVJAznAaIkqp8huTwlJQCZ016jof/cbN4VW5Yz0=
gopkg.in/yaml.v2 v2.2.2 h1:ZCJp+EgiOT7lHqUV2J862kp8Qj64Jo6az82+3Td9dZw=
gopkg.in/yaml.v2 v2.2.2/go.mod h1:hI93XBmqTisBFMUTm0b8Fm+jr3Dg1NNxqwp+5A1VGuI=
